# This file was autogenerated by Stack.
# You should not edit this file by hand.
# For more information, please see the documentation at:
#   https://docs.haskellstack.org/en/stable/lock_files

packages:
- completed:
    subdir: inline-js
    name: inline-js
    version: 0.0.1.0
    git: https://github.com/tweag/inline-js
    pantry-tree:
      size: 567
      sha256: 3a35ca0a97e12fb3d873af7ae6f79cf914a18045f7294255bfafebe35c26eabc
    commit: ef675745e84d23d51c50660d40acf9e684fbb2d6
  original:
    subdir: inline-js
    git: https://github.com/tweag/inline-js
    commit: ef675745e84d23d51c50660d40acf9e684fbb2d6
- completed:
    subdir: inline-js-core
    name: inline-js-core
    version: 0.0.1.0
    git: https://github.com/tweag/inline-js
    pantry-tree:
      size: 1521
      sha256: cc30d1bbd5a1d49d5f1f616a05abb9328279e415f557f104344d173db953cd2d
    commit: ef675745e84d23d51c50660d40acf9e684fbb2d6
  original:
    subdir: inline-js-core
    git: https://github.com/tweag/inline-js
    commit: ef675745e84d23d51c50660d40acf9e684fbb2d6
snapshots:
- completed:
    size: 534126
    url: https://raw.githubusercontent.com/commercialhaskell/stackage-snapshots/master/lts/16/31.yaml
    sha256: 637fb77049b25560622a224845b7acfe81a09fdb6a96a3c75997a10b651667f6
  original:
    url: https://raw.githubusercontent.com/commercialhaskell/stackage-snapshots/master/lts/16/31.yaml
